
Microsoft Visual Studio Solution File, Format Version 12.00
# Visual Studio Version 16
VisualStudioVersion = 16.0.30711.63
MinimumVisualStudioVersion = 10.0.40219.1
Project("{FAE04EC0-301F-11D3-BF4B-00C04F79EFBC}") = "CodeCoverage", "CodeCoverage\CodeCoverage.csproj", "{32B67F3C-7F8D-40A9-8AEB-8D15556B94FC}"
EndProject
Project("{FAE04EC0-301F-11D3-BF4B-00C04F79EFBC}") = "CodeCoverageTests", "CodeCoverageTests\CodeCoverageTests.csproj", "{5843BEC3-709B-4450-81CC-EFC987874D0D}"
EndProject
Global
	GlobalSection(SolutionConfigurationPlatforms) = preSolution
		Debug|Any CPU = Debug|Any CPU
		Release|Any CPU = Release|Any CPU
	EndGlobalSection
	GlobalSection(ProjectConfigurationPlatforms) = postSolution
		{32B67F3C-7F8D-40A9-8AEB-8D15556B94FC}.Debug|Any CPU.ActiveCfg = Debug|Any CPU
		{32B67F3C-7F8D-40A9-8AEB-8D15556B94FC}.Debug|Any CPU.Build.0 = Debug|Any CPU
		{32B67F3C-7F8D-40A9-8AEB-8D15556B94FC}.Release|Any CPU.ActiveCfg = Release|Any CPU
		{32B67F3C-7F8D-40A9-8AEB-8D15556B94FC}.Release|Any CPU.Build.0 = Release|Any CPU
		{5843BEC3-709B-4450-81CC-EFC987874D0D}.Debug|Any CPU.ActiveCfg = Debug|Any CPU
		{5843BEC3-709B-4450-81CC-EFC987874D0D}.Debug|Any CPU.Build.0 = Debug|Any CPU
		{5843BEC3-709B-4450-81CC-EFC987874D0D}.Release|Any CPU.ActiveCfg = Release|Any CPU
		{5843BEC3-709B-4450-81CC-EFC987874D0D}.Release|Any CPU.Build.0 = Release|Any CPU
	EndGlobalSection
	GlobalSection(SolutionProperties) = preSolution
		HideSolutionNode = FALSE
	EndGlobalSection
	GlobalSection(ExtensibilityGlobals) = postSolution
		SolutionGuid = {3D943310-EB95-4546-8869-06DCF42F4858}
	EndGlobalSection
EndGlobal
